
Microsoft Visual Studio Solution File, Format Version 12.00
# Visual Studio 14
VisualStudioVersion = 14.0.25420.1
MinimumVisualStudioVersion = 10.0.40219.1
Project("{2150E333-8FDC-42A3-9474-1A3956D46DE8}") = "Support Libraries", "Support Libraries", "{D7EFCEAD-2468-46A3-9381-64D12F18406B}"
EndProject
Project("{FAE04EC0-301F-11D3-BF4B-00C04F79EFBC}") = "AssetManager", "AssetManager\AssetManager.csproj", "{205C062A-ECE5-4E01-9842-2FBD9F98FB10}"
EndProject
Project("{FAE04EC0-301F-11D3-BF4B-00C04F79EFBC}") = "Databases", "Databases\Databases.csproj", "{32BCF1FC-0F86-4FAC-8D01-05F84FA0D736}"
EndProject
Project("{FAE04EC0-301F-11D3-BF4B-00C04F79EFBC}") = "PingVisualizer", "PingVisualizer\PingVisualizer.csproj", "{D6059DE1-47C1-471B-BB28-88B9B655CEB0}"
EndProject
Project("{FAE04EC0-301F-11D3-BF4B-00C04F79EFBC}") = "RemoteFileTransferTool", "RemoteFileTransferTool\RemoteFileTransferTool.csproj", "{7DFB8C7F-38BA-49FD-BE57-9F96E786D35B}"
EndProject
Project("{FAE04EC0-301F-11D3-BF4B-00C04F79EFBC}") = "AdvancedDialog", "AdvancedDialog\AdvancedDialog.csproj", "{0A2876AE-8A3F-478A-BE33-A9A0F1CA44C9}"
EndProject
Project("{FAE04EC0-301F-11D3-BF4B-00C04F79EFBC}") = "WNetConnection", "WNetConnection\WNetConnection.csproj", "{D0CD2439-5632-496B-B4A0-B9A2A9829214}"
EndProject
Project("{FAE04EC0-301F-11D3-BF4B-00C04F79EFBC}") = "SimpleProgressCounter", "SimpleProgressCounter\SimpleProgressCounter.csproj", "{BF6F4AF9-3B04-4EAE-BDCC-BC528F014E8A}"
EndProject
Global
	GlobalSection(SolutionConfigurationPlatforms) = preSolution
		Debug|Any CPU = Debug|Any CPU
		Debug|x86 = Debug|x86
		Release|Any CPU = Release|Any CPU
		Release|x86 = Release|x86
	EndGlobalSection
	GlobalSection(ProjectConfigurationPlatforms) = postSolution
		{205C062A-ECE5-4E01-9842-2FBD9F98FB10}.Debug|Any CPU.ActiveCfg = Debug|Any CPU
		{205C062A-ECE5-4E01-9842-2FBD9F98FB10}.Debug|Any CPU.Build.0 = Debug|Any CPU
		{205C062A-ECE5-4E01-9842-2FBD9F98FB10}.Debug|x86.ActiveCfg = Debug|x86
		{205C062A-ECE5-4E01-9842-2FBD9F98FB10}.Debug|x86.Build.0 = Debug|x86
		{205C062A-ECE5-4E01-9842-2FBD9F98FB10}.Release|Any CPU.ActiveCfg = Release|Any CPU
		{205C062A-ECE5-4E01-9842-2FBD9F98FB10}.Release|Any CPU.Build.0 = Release|Any CPU
		{205C062A-ECE5-4E01-9842-2FBD9F98FB10}.Release|x86.ActiveCfg = Release|x86
		{205C062A-ECE5-4E01-9842-2FBD9F98FB10}.Release|x86.Build.0 = Release|x86
		{32BCF1FC-0F86-4FAC-8D01-05F84FA0D736}.Debug|Any CPU.ActiveCfg = Debug|Any CPU
		{32BCF1FC-0F86-4FAC-8D01-05F84FA0D736}.Debug|Any CPU.Build.0 = Debug|Any CPU
		{32BCF1FC-0F86-4FAC-8D01-05F84FA0D736}.Debug|x86.ActiveCfg = Debug|Any CPU
		{32BCF1FC-0F86-4FAC-8D01-05F84FA0D736}.Debug|x86.Build.0 = Debug|Any CPU
		{32BCF1FC-0F86-4FAC-8D01-05F84FA0D736}.Release|Any CPU.ActiveCfg = Release|Any CPU
		{32BCF1FC-0F86-4FAC-8D01-05F84FA0D736}.Release|Any CPU.Build.0 = Release|Any CPU
		{32BCF1FC-0F86-4FAC-8D01-05F84FA0D736}.Release|x86.ActiveCfg = Release|Any CPU
		{32BCF1FC-0F86-4FAC-8D01-05F84FA0D736}.Release|x86.Build.0 = Release|Any CPU
		{D6059DE1-47C1-471B-BB28-88B9B655CEB0}.Debug|Any CPU.ActiveCfg = Debug|Any CPU
		{D6059DE1-47C1-471B-BB28-88B9B655CEB0}.Debug|Any CPU.Build.0 = Debug|Any CPU
		{D6059DE1-47C1-471B-BB28-88B9B655CEB0}.Debug|x86.ActiveCfg = Debug|Any CPU
		{D6059DE1-47C1-471B-BB28-88B9B655CEB0}.Debug|x86.Build.0 = Debug|Any CPU
		{D6059DE1-47C1-471B-BB28-88B9B655CEB0}.Release|Any CPU.ActiveCfg = Release|Any CPU
		{D6059DE1-47C1-471B-BB28-88B9B655CEB0}.Release|Any CPU.Build.0 = Release|Any CPU
		{D6059DE1-47C1-471B-BB28-88B9B655CEB0}.Release|x86.ActiveCfg = Release|Any CPU
		{D6059DE1-47C1-471B-BB28-88B9B655CEB0}.Release|x86.Build.0 = Release|Any CPU
		{7DFB8C7F-38BA-49FD-BE57-9F96E786D35B}.Debug|Any CPU.ActiveCfg = Debug|Any CPU
		{7DFB8C7F-38BA-49FD-BE57-9F96E786D35B}.Debug|Any CPU.Build.0 = Debug|Any CPU
		{7DFB8C7F-38BA-49FD-BE57-9F96E786D35B}.Debug|x86.ActiveCfg = Debug|Any CPU
		{7DFB8C7F-38BA-49FD-BE57-9F96E786D35B}.Debug|x86.Build.0 = Debug|Any CPU
		{7DFB8C7F-38BA-49FD-BE57-9F96E786D35B}.Release|Any CPU.ActiveCfg = Release|Any CPU
		{7DFB8C7F-38BA-49FD-BE57-9F96E786D35B}.Release|Any CPU.Build.0 = Release|Any CPU
		{7DFB8C7F-38BA-49FD-BE57-9F96E786D35B}.Release|x86.ActiveCfg = Release|Any CPU
		{7DFB8C7F-38BA-49FD-BE57-9F96E786D35B}.Release|x86.Build.0 = Release|Any CPU
		{0A2876AE-8A3F-478A-BE33-A9A0F1CA44C9}.Debug|Any CPU.ActiveCfg = Debug|Any CPU
		{0A2876AE-8A3F-478A-BE33-A9A0F1CA44C9}.Debug|Any CPU.Build.0 = Debug|Any CPU
		{0A2876AE-8A3F-478A-BE33-A9A0F1CA44C9}.Debug|x86.ActiveCfg = Debug|Any CPU
		{0A2876AE-8A3F-478A-BE33-A9A0F1CA44C9}.Debug|x86.Build.0 = Debug|Any CPU
		{0A2876AE-8A3F-478A-BE33-A9A0F1CA44C9}.Release|Any CPU.ActiveCfg = Release|Any CPU
		{0A2876AE-8A3F-478A-BE33-A9A0F1CA44C9}.Release|Any CPU.Build.0 = Release|Any CPU
		{0A2876AE-8A3F-478A-BE33-A9A0F1CA44C9}.Release|x86.ActiveCfg = Release|Any CPU
		{0A2876AE-8A3F-478A-BE33-A9A0F1CA44C9}.Release|x86.Build.0 = Release|Any CPU
		{D0CD2439-5632-496B-B4A0-B9A2A9829214}.Debug|Any CPU.ActiveCfg = Debug|Any CPU
		{D0CD2439-5632-496B-B4A0-B9A2A9829214}.Debug|Any CPU.Build.0 = Debug|Any CPU
		{D0CD2439-5632-496B-B4A0-B9A2A9829214}.Debug|x86.ActiveCfg = Debug|Any CPU
		{D0CD2439-5632-496B-B4A0-B9A2A9829214}.Debug|x86.Build.0 = Debug|Any CPU
		{D0CD2439-5632-496B-B4A0-B9A2A9829214}.Release|Any CPU.ActiveCfg = Release|Any CPU
		{D0CD2439-5632-496B-B4A0-B9A2A9829214}.Release|Any CPU.Build.0 = Release|Any CPU
		{D0CD2439-5632-496B-B4A0-B9A2A9829214}.Release|x86.ActiveCfg = Release|Any CPU
		{D0CD2439-5632-496B-B4A0-B9A2A9829214}.Release|x86.Build.0 = Release|Any CPU
		{BF6F4AF9-3B04-4EAE-BDCC-BC528F014E8A}.Debug|Any CPU.ActiveCfg = Debug|Any CPU
		{BF6F4AF9-3B04-4EAE-BDCC-BC528F014E8A}.Debug|Any CPU.Build.0 = Debug|Any CPU
		{BF6F4AF9-3B04-4EAE-BDCC-BC528F014E8A}.Debug|x86.ActiveCfg = Debug|Any CPU
		{BF6F4AF9-3B04-4EAE-BDCC-BC528F014E8A}.Debug|x86.Build.0 = Debug|Any CPU
		{BF6F4AF9-3B04-4EAE-BDCC-BC528F014E8A}.Release|Any CPU.ActiveCfg = Release|Any CPU
		{BF6F4AF9-3B04-4EAE-BDCC-BC528F014E8A}.Release|Any CPU.Build.0 = Release|Any CPU
		{BF6F4AF9-3B04-4EAE-BDCC-BC528F014E8A}.Release|x86.ActiveCfg = Release|Any CPU
		{BF6F4AF9-3B04-4EAE-BDCC-BC528F014E8A}.Release|x86.Build.0 = Release|Any CPU
	EndGlobalSection
	GlobalSection(SolutionProperties) = preSolution
		HideSolutionNode = FALSE
	EndGlobalSection
	GlobalSection(NestedProjects) = preSolution
		{32BCF1FC-0F86-4FAC-8D01-05F84FA0D736} = {D7EFCEAD-2468-46A3-9381-64D12F18406B}
		{D6059DE1-47C1-471B-BB28-88B9B655CEB0} = {D7EFCEAD-2468-46A3-9381-64D12F18406B}
		{7DFB8C7F-38BA-49FD-BE57-9F96E786D35B} = {D7EFCEAD-2468-46A3-9381-64D12F18406B}
		{0A2876AE-8A3F-478A-BE33-A9A0F1CA44C9} = {D7EFCEAD-2468-46A3-9381-64D12F18406B}
		{D0CD2439-5632-496B-B4A0-B9A2A9829214} = {D7EFCEAD-2468-46A3-9381-64D12F18406B}
		{BF6F4AF9-3B04-4EAE-BDCC-BC528F014E8A} = {D7EFCEAD-2468-46A3-9381-64D12F18406B}
	EndGlobalSection
	GlobalSection(ExtensibilityGlobals) = postSolution
		SolutionGuid = {78C10474-D84F-462F-958B-9F031FAFE86A}
	EndGlobalSection
EndGlobal
